
Microsoft Visual Studio Solution File, Format Version 12.00
# Visual Studio 14
VisualStudioVersion = 14.0.25123.0
MinimumVisualStudioVersion = 10.0.40219.1
Project("{FAE04EC0-301F-11D3-BF4B-00C04F79EFBC}") = "Kavod.ComReflection", "src\Kavod.ComReflection\Kavod.ComReflection.csproj", "{6E3C81BB-1196-4C9D-B2F0-433A335682E7}"
EndProject
Project("{FAE04EC0-301F-11D3-BF4B-00C04F79EFBC}") = "ComBrowser", "src\ComBrowser\ComBrowser.csproj", "{9778BC13-882A-4F12-821A-378AAF50BB50}"
EndProject
Global
	GlobalSection(SolutionConfigurationPlatforms) = preSolution
		Debug|Any CPU = Debug|Any CPU
		Debug|ARM = Debug|ARM
		Debug|x64 = Debug|x64
		Debug|x86 = Debug|x86
		Release|Any CPU = Release|Any CPU
		Release|ARM = Release|ARM
		Release|x64 = Release|x64
		Release|x86 = Release|x86
	EndGlobalSection
	GlobalSection(ProjectConfigurationPlatforms) = postSolution
		{6E3C81BB-1196-4C9D-B2F0-433A335682E7}.Debug|Any CPU.ActiveCfg = Debug|Any CPU
		{6E3C81BB-1196-4C9D-B2F0-433A335682E7}.Debug|Any CPU.Build.0 = Debug|Any CPU
		{6E3C81BB-1196-4C9D-B2F0-433A335682E7}.Debug|ARM.ActiveCfg = Debug|Any CPU
		{6E3C81BB-1196-4C9D-B2F0-433A335682E7}.Debug|ARM.Build.0 = Debug|Any CPU
		{6E3C81BB-1196-4C9D-B2F0-433A335682E7}.Debug|x64.ActiveCfg = Debug|Any CPU
		{6E3C81BB-1196-4C9D-B2F0-433A335682E7}.Debug|x64.Build.0 = Debug|Any CPU
		{6E3C81BB-1196-4C9D-B2F0-433A335682E7}.Debug|x86.ActiveCfg = Debug|Any CPU
		{6E3C81BB-1196-4C9D-B2F0-433A335682E7}.Debug|x86.Build.0 = Debug|Any CPU
		{6E3C81BB-1196-4C9D-B2F0-433A335682E7}.Release|Any CPU.ActiveCfg = Release|Any CPU
		{6E3C81BB-1196-4C9D-B2F0-433A335682E7}.Release|Any CPU.Build.0 = Release|Any CPU
		{6E3C81BB-1196-4C9D-B2F0-433A335682E7}.Release|ARM.ActiveCfg = Release|Any CPU
		{6E3C81BB-1196-4C9D-B2F0-433A335682E7}.Release|ARM.Build.0 = Release|Any CPU
		{6E3C81BB-1196-4C9D-B2F0-433A335682E7}.Release|x64.ActiveCfg = Release|Any CPU
		{6E3C81BB-1196-4C9D-B2F0-433A335682E7}.Release|x64.Build.0 = Release|Any CPU
		{6E3C81BB-1196-4C9D-B2F0-433A335682E7}.Release|x86.ActiveCfg = Release|Any CPU
		{6E3C81BB-1196-4C9D-B2F0-433A335682E7}.Release|x86.Build.0 = Release|Any CPU
		{9778BC13-882A-4F12-821A-378AAF50BB50}.Debug|Any CPU.ActiveCfg = Debug|Any CPU
		{9778BC13-882A-4F12-821A-378AAF50BB50}.Debug|Any CPU.Build.0 = Debug|Any CPU
		{9778BC13-882A-4F12-821A-378AAF50BB50}.Debug|ARM.ActiveCfg = Debug|Any CPU
		{9778BC13-882A-4F12-821A-378AAF50BB50}.Debug|ARM.Build.0 = Debug|Any CPU
		{9778BC13-882A-4F12-821A-378AAF50BB50}.Debug|x64.ActiveCfg = Debug|Any CPU
		{9778BC13-882A-4F12-821A-378AAF50BB50}.Debug|x64.Build.0 = Debug|Any CPU
		{9778BC13-882A-4F12-821A-378AAF50BB50}.Debug|x86.ActiveCfg = Debug|Any CPU
		{9778BC13-882A-4F12-821A-378AAF50BB50}.Debug|x86.Build.0 = Debug|Any CPU
		{9778BC13-882A-4F12-821A-378AAF50BB50}.Release|Any CPU.ActiveCfg = Release|Any CPU
		{9778BC13-882A-4F12-821A-378AAF50BB50}.Release|Any CPU.Build.0 = Release|Any CPU
		{9778BC13-882A-4F12-821A-378AAF50BB50}.Release|ARM.ActiveCfg = Release|Any CPU
		{9778BC13-882A-4F12-821A-378AAF50BB50}.Release|ARM.Build.0 = Release|Any CPU
		{9778BC13-882A-4F12-821A-378AAF50BB50}.Release|x64.ActiveCfg = Release|Any CPU
		{9778BC13-882A-4F12-821A-378AAF50BB50}.Release|x64.Build.0 = Release|Any CPU
		{9778BC13-882A-4F12-821A-378AAF50BB50}.Release|x86.ActiveCfg = Release|Any CPU
		{9778BC13-882A-4F12-821A-378AAF50BB50}.Release|x86.Build.0 = Release|Any CPU
	EndGlobalSection
	GlobalSection(SolutionProperties) = preSolution
		HideSolutionNode = FALSE
	EndGlobalSection
EndGlobal
